{
  "name": "node9_policy",
  "version": "1.0.0",
  "lockfileVersion": 3,
  "requires": true,
  "packages": {
    "": {
      "name": "node9_policy",
      "version": "1.0.0",
      "license": "ISC",
      "dependencies": {
        "@node9/policy-engine": "^1.5.0"
      }
    },
    "node_modules/@node9/policy-engine": {
      "version": "1.5.0",
      "resolved": "https://registry.npmjs.org/@node9/policy-engine/-/policy-engine-1.5.0.tgz",
      "integrity": "sha512-wclcgHtM7+/zIMqTvYDCxohCEtUXL5vMx8cWI3wB6CzJk0oY5XgxJkTzVgM61ZiZI19lgEHQNUAPQ9mpJcEODA==",
      "license": "Apache-2.0",
      "dependencies": {
        "mvdan-sh": "^0.10.1",
        "picomatch": "^4.0.3",
        "safe-regex2": "^5.1.0"
      },
      "engines": {
        "node": ">=18"
      }
    },
    "node_modules/mvdan-sh": {
      "version": "0.10.1",
      "resolved": "https://registry.npmjs.org/mvdan-sh/-/mvdan-sh-0.10.1.tgz",
      "integrity": "sha512-kMbrH0EObaKmK3nVRKUIIya1dpASHIEusM13S4V1ViHFuxuNxCo+arxoa6j/dbV22YBGjl7UKJm9QQKJ2Crzhg==",
      "deprecated": "See https://github.com/mvdan/sh/issues/1145",
      "license": "BSD-3-Clause"
    },
    "node_modules/picomatch": {
      "version": "4.0.4",
      "resolved": "https://registry.npmjs.org/picomatch/-/picomatch-4.0.4.tgz",
      "integrity": "sha512-QP88BAKvMam/3NxH6vj2o21R6MjxZUAd6nlwAS/pnGvN9IVLocLHxGYIzFhg6fUQ+5th6P4dv4eW9jX3DSIj7A==",
      "license": "MIT",
      "engines": {
        "node": ">=12"
      },
      "funding": {
        "url": "https://github.com/sponsors/jonschlinkert"
      }
    },
    "node_modules/ret": {
      "version": "0.5.0",
      "resolved": "https://registry.npmjs.org/ret/-/ret-0.5.0.tgz",
      "integrity": "sha512-I1XxrZSQ+oErkRR4jYbAyEEu2I0avBvvMM5JN+6EBprOGRCs63ENqZ3vjavq8fBw2+62G5LF5XelKwuJpcvcxw==",
      "license": "MIT",
      "engines": {
        "node": ">=10"
      }
    },
    "node_modules/safe-regex2": {
      "version": "5.1.1",
      "resolved": "https://registry.npmjs.org/safe-regex2/-/safe-regex2-5.1.1.tgz",
      "integrity": "sha512-mOSBvHGDZMuIEZMdOz/aCEYDCv0E7nfcNsIhUF+/P+xC7Hyf3FkvymqgPbg9D1EdSGu+uKbJgy09K/RKKc7kJA==",
      "funding": [
        {
          "type": "github",
          "url": "https://github.com/sponsors/fastify"
        },
        {
          "type": "opencollective",
          "url": "https://opencollective.com/fastify"
        }
      ],
      "license": "MIT",
      "dependencies": {
        "ret": "~0.5.0"
      },
      "bin": {
        "safe-regex2": "bin/safe-regex2.js"
      }
    }
  }
}
